<Solution>
  <Folder Name="/src/">
    <Project Path="src/Komento/Komento.csproj" />
    <Project Path="src/Komento.AspNetCore/Komento.AspNetCore.csproj" />
    <Project Path="src/Komento.OpenFeature/Komento.OpenFeature.csproj" />
  </Folder>
  <Folder Name="/tests/">
    <Project Path="tests/Komento.Tests/Komento.Tests.csproj" />
    <Project Path="tests/Komento.AspNetCore.Tests/Komento.AspNetCore.Tests.csproj" />
    <Project Path="tests/Komento.OpenFeature.Tests/Komento.OpenFeature.Tests.csproj" />
  </Folder>
  <Folder Name="/benchmarks/">
    <Project Path="benchmarks/Komento.Benchmarks/Komento.Benchmarks.csproj" />
  </Folder>
  <Folder Name="/samples/">
    <Project Path="samples/Komento.Sample.AppHost/Komento.Sample.AppHost.csproj" />
    <Project Path="samples/Komento.Sample.EcommerceApi/Komento.Sample.EcommerceApi.csproj" />
    <Project Path="samples/Komento.Sample.AdminApi/Komento.Sample.AdminApi.csproj" />
    <Project Path="samples/Komento.Sample.ServiceDefaults/Komento.Sample.ServiceDefaults.csproj" />
  </Folder>
</Solution>
